// !$*UTF8*$!
{ archiveVersion = 1; classes = {}; objectVersion = 77; objects = {
000000000000000000000001 = { isa = PBXProject; attributes = { BuildIndependentTargetsInParallel = YES; LastUpgradeCheck = 2700; TargetAttributes = { 00000000000000000000000A = {CreatedOnToolsVersion = 27.0;}; 00000000000000000000000B = {CreatedOnToolsVersion = 27.0; TestTargetID = 00000000000000000000000A;}; 00000000000000000000000C = {CreatedOnToolsVersion = 27.0; TestTargetID = 00000000000000000000000A;}; }; }; buildConfigurationList = 000000000000000000000064; compatibilityVersion = "Xcode 16.0"; developmentRegion = "zh-Hans"; knownRegions = ("zh-Hans", en, Base); mainGroup = 000000000000000000000002; productRefGroup = 000000000000000000000003; packageReferences = (A10000000000000000000001); projectDirPath = ""; projectRoot = ""; targets = (00000000000000000000000A,00000000000000000000000B,00000000000000000000000C); };
000000000000000000000002 = { isa = PBXGroup; children = (000000000000000000000004,000000000000000000000005,000000000000000000000006,000000000000000000000007,000000000000000000000003); sourceTree = "<group>"; };
000000000000000000000003 = { isa = PBXGroup; children = (000000000000000000000014,000000000000000000000015,000000000000000000000016); name = Products; sourceTree = "<group>"; };
000000000000000000000004 = { isa = PBXFileSystemSynchronizedRootGroup; path = PhotoArchive; sourceTree = "<group>"; };
000000000000000000000005 = { isa = PBXFileSystemSynchronizedRootGroup; path = Tests; sourceTree = "<group>"; };
000000000000000000000006 = { isa = PBXFileSystemSynchronizedRootGroup; path = UITests; sourceTree = "<group>"; };
000000000000000000000007 = { isa = PBXFileReference; lastKnownFileType = text.xcconfig; path = Configuration.xcconfig; sourceTree = "<group>"; };
000000000000000000000014 = { isa = PBXFileReference; explicitFileType = wrapper.application; includeInIndex = 0; path = PhotoArchive.app; sourceTree = BUILT_PRODUCTS_DIR; };
00000000000000000000000A = { isa = PBXNativeTarget; buildConfigurationList = 00000000000000000000006E; buildPhases = (00000000000000000000001E,00000000000000000000001F,000000000000000000000020); buildRules = (); dependencies = (); fileSystemSynchronizedGroups = (000000000000000000000004); packageProductDependencies = (A10000000000000000000002); name = PhotoArchive; productName = PhotoArchive; productReference = 000000000000000000000014; productType = "com.apple.product-type.application"; };
00000000000000000000001E = { isa = PBXSourcesBuildPhase; buildActionMask = 2147483647; files = (); runOnlyForDeploymentPostprocessing = 0; };
00000000000000000000001F = { isa = PBXFrameworksBuildPhase; buildActionMask = 2147483647; files = (A10000000000000000000003); runOnlyForDeploymentPostprocessing = 0; };
000000000000000000000020 = { isa = PBXResourcesBuildPhase; buildActionMask = 2147483647; files = (); runOnlyForDeploymentPostprocessing = 0; };
00000000000000000000006E = { isa = XCConfigurationList; buildConfigurations = (0000000000000000000000D2,0000000000000000000000D3); defaultConfigurationIsVisible = 0; defaultConfigurationName = Release; };
0000000000000000000000D2 = { isa = XCBuildConfiguration; baseConfigurationReference = 000000000000000000000007; buildSettings = { PRODUCT_NAME = "$(TARGET_NAME)"; PRODUCT_BUNDLE_IDENTIFIER = "$(ARCHIVE_BUNDLE_ID)"; GENERATE_INFOPLIST_FILE = YES; INFOPLIST_KEY_CFBundleDisplayName = "摄影档案"; INFOPLIST_KEY_NSPhotoLibraryUsageDescription = "读取你授权的照片，用于在本机整理图库、故事和拍摄信息。不会修改系统照片。"; INFOPLIST_FILE = AppInfo.plist; INFOPLIST_KEY_UILaunchScreen_Generation = YES; INFOPLIST_KEY_UIApplicationSceneManifest_Generation = YES; INFOPLIST_KEY_UISupportedInterfaceOrientations = UIInterfaceOrientationPortrait; ASSETCATALOG_COMPILER_GLOBAL_ACCENT_COLOR_NAME = AccentColor; }; name = Debug; };
0000000000000000000000D3 = { isa = XCBuildConfiguration; baseConfigurationReference = 000000000000000000000007; buildSettings = { PRODUCT_NAME = "$(TARGET_NAME)"; PRODUCT_BUNDLE_IDENTIFIER = "$(ARCHIVE_BUNDLE_ID)"; GENERATE_INFOPLIST_FILE = YES; INFOPLIST_KEY_CFBundleDisplayName = "摄影档案"; INFOPLIST_KEY_NSPhotoLibraryUsageDescription = "读取你授权的照片，用于在本机整理图库、故事和拍摄信息。不会修改系统照片。"; INFOPLIST_FILE = AppInfo.plist; INFOPLIST_KEY_UILaunchScreen_Generation = YES; INFOPLIST_KEY_UIApplicationSceneManifest_Generation = YES; INFOPLIST_KEY_UISupportedInterfaceOrientations = UIInterfaceOrientationPortrait; ASSETCATALOG_COMPILER_GLOBAL_ACCENT_COLOR_NAME = AccentColor; }; name = Release; };
000000000000000000000015 = { isa = PBXFileReference; explicitFileType = wrapper.cfbundle; includeInIndex = 0; path = PhotoArchiveTests.xctest; sourceTree = BUILT_PRODUCTS_DIR; };
00000000000000000000000B = { isa = PBXNativeTarget; buildConfigurationList = 00000000000000000000006F; buildPhases = (000000000000000000000021,000000000000000000000022,000000000000000000000023); buildRules = (); dependencies = (000000000000000000000033); fileSystemSynchronizedGroups = (000000000000000000000005); name = PhotoArchiveTests; productName = PhotoArchiveTests; productReference = 000000000000000000000015; productType = "com.apple.product-type.bundle.unit-test"; };
000000000000000000000021 = { isa = PBXSourcesBuildPhase; buildActionMask = 2147483647; files = (); runOnlyForDeploymentPostprocessing = 0; };
000000000000000000000022 = { isa = PBXFrameworksBuildPhase; buildActionMask = 2147483647; files = (); runOnlyForDeploymentPostprocessing = 0; };
000000000000000000000023 = { isa = PBXResourcesBuildPhase; buildActionMask = 2147483647; files = (); runOnlyForDeploymentPostprocessing = 0; };
000000000000000000000033 = { isa = PBXTargetDependency; target = 00000000000000000000000A; targetProxy = 00000000000000000000003D; };
00000000000000000000003D = { isa = PBXContainerItemProxy; containerPortal = 000000000000000000000001; proxyType = 1; remoteGlobalIDString = 00000000000000000000000A; remoteInfo = PhotoArchive; };
00000000000000000000006F = { isa = XCConfigurationList; buildConfigurations = (0000000000000000000000D4,0000000000000000000000D5); defaultConfigurationIsVisible = 0; defaultConfigurationName = Release; };
0000000000000000000000D4 = { isa = XCBuildConfiguration; baseConfigurationReference = 000000000000000000000007; buildSettings = { PRODUCT_NAME = "$(TARGET_NAME)"; PRODUCT_BUNDLE_IDENTIFIER = "$(ARCHIVE_BUNDLE_ID).tests"; GENERATE_INFOPLIST_FILE = YES; BUNDLE_LOADER = "$(TEST_HOST)"; TEST_HOST = "$(BUILT_PRODUCTS_DIR)/PhotoArchive.app/$(BUNDLE_EXECUTABLE_FOLDER_PATH)/PhotoArchive"; }; name = Debug; };
0000000000000000000000D5 = { isa = XCBuildConfiguration; baseConfigurationReference = 000000000000000000000007; buildSettings = { PRODUCT_NAME = "$(TARGET_NAME)"; PRODUCT_BUNDLE_IDENTIFIER = "$(ARCHIVE_BUNDLE_ID).tests"; GENERATE_INFOPLIST_FILE = YES; BUNDLE_LOADER = "$(TEST_HOST)"; TEST_HOST = "$(BUILT_PRODUCTS_DIR)/PhotoArchive.app/$(BUNDLE_EXECUTABLE_FOLDER_PATH)/PhotoArchive"; }; name = Release; };
000000000000000000000016 = { isa = PBXFileReference; explicitFileType = wrapper.cfbundle; includeInIndex = 0; path = PhotoArchiveUITests.xctest; sourceTree = BUILT_PRODUCTS_DIR; };
00000000000000000000000C = { isa = PBXNativeTarget; buildConfigurationList = 000000000000000000000070; buildPhases = (000000000000000000000024,000000000000000000000025,000000000000000000000026); buildRules = (); dependencies = (000000000000000000000034); fileSystemSynchronizedGroups = (000000000000000000000006); name = PhotoArchiveUITests; productName = PhotoArchiveUITests; productReference = 000000000000000000000016; productType = "com.apple.product-type.bundle.ui-testing"; };
000000000000000000000024 = { isa = PBXSourcesBuildPhase; buildActionMask = 2147483647; files = (); runOnlyForDeploymentPostprocessing = 0; };
000000000000000000000025 = { isa = PBXFrameworksBuildPhase; buildActionMask = 2147483647; files = (); runOnlyForDeploymentPostprocessing = 0; };
000000000000000000000026 = { isa = PBXResourcesBuildPhase; buildActionMask = 2147483647; files = (); runOnlyForDeploymentPostprocessing = 0; };
000000000000000000000034 = { isa = PBXTargetDependency; target = 00000000000000000000000A; targetProxy = 00000000000000000000003E; };
00000000000000000000003E = { isa = PBXContainerItemProxy; containerPortal = 000000000000000000000001; proxyType = 1; remoteGlobalIDString = 00000000000000000000000A; remoteInfo = PhotoArchive; };
000000000000000000000070 = { isa = XCConfigurationList; buildConfigurations = (0000000000000000000000D6,0000000000000000000000D7); defaultConfigurationIsVisible = 0; defaultConfigurationName = Release; };
0000000000000000000000D6 = { isa = XCBuildConfiguration; baseConfigurationReference = 000000000000000000000007; buildSettings = { PRODUCT_NAME = "$(TARGET_NAME)"; PRODUCT_BUNDLE_IDENTIFIER = "$(ARCHIVE_BUNDLE_ID).uitests"; GENERATE_INFOPLIST_FILE = YES; TEST_TARGET_NAME = PhotoArchive; }; name = Debug; };
0000000000000000000000D7 = { isa = XCBuildConfiguration; baseConfigurationReference = 000000000000000000000007; buildSettings = { PRODUCT_NAME = "$(TARGET_NAME)"; PRODUCT_BUNDLE_IDENTIFIER = "$(ARCHIVE_BUNDLE_ID).uitests"; GENERATE_INFOPLIST_FILE = YES; TEST_TARGET_NAME = PhotoArchive; }; name = Release; };
000000000000000000000064 = { isa = XCConfigurationList; buildConfigurations = (0000000000000000000000C8,0000000000000000000000C9); defaultConfigurationIsVisible = 0; defaultConfigurationName = Release; };
0000000000000000000000C8 = { isa = XCBuildConfiguration; buildSettings = { CLANG_ENABLE_MODULES = YES; SWIFT_VERSION = 6.0; SDKROOT = iphoneos; IPHONEOS_DEPLOYMENT_TARGET = 18.0; ENABLE_TESTABILITY = YES; ONLY_ACTIVE_ARCH = YES; SWIFT_OPTIMIZATION_LEVEL = "-Onone"; DEBUG_INFORMATION_FORMAT = dwarf; SWIFT_ACTIVE_COMPILATION_CONDITIONS = DEBUG; }; name = Debug; };
0000000000000000000000C9 = { isa = XCBuildConfiguration; buildSettings = { CLANG_ENABLE_MODULES = YES; SWIFT_VERSION = 6.0; SDKROOT = iphoneos; IPHONEOS_DEPLOYMENT_TARGET = 18.0; SWIFT_COMPILATION_MODE = wholemodule; }; name = Release; };
A10000000000000000000001 = {isa = XCRemoteSwiftPackageReference; repositoryURL = "https://github.com/supabase/supabase-swift"; requirement = { kind = exactVersion; version = 2.55.2; }; };
A10000000000000000000002 = {isa = XCSwiftPackageProductDependency; package = A10000000000000000000001; productName = Supabase; };
A10000000000000000000003 = {isa = PBXBuildFile; productRef = A10000000000000000000002; };
}; rootObject = 000000000000000000000001; }
